
Microsoft Visual Studio Solution File, Format Version 12.00
# Visual Studio Version 17
VisualStudioVersion = 17.0.32112.339
MinimumVisualStudioVersion = 10.0.40219.1
Project("{FAE04EC0-301F-11D3-BF4B-00C04F79EFBC}") = "MovieAPI", "MovieAPI\MovieAPI.csproj", "{7B86A44D-5CA8-4DC5-B627-3144AD5BBE18}"
EndProject
Global
	GlobalSection(SolutionConfigurationPlatforms) = preSolution
		Debug|Any CPU = Debug|Any CPU
		Release|Any CPU = Release|Any CPU
	EndGlobalSection
	GlobalSection(ProjectConfigurationPlatforms) = postSolution
		{7B86A44D-5CA8-4DC5-B627-3144AD5BBE18}.Debug|Any CPU.ActiveCfg = Debug|Any CPU
		{7B86A44D-5CA8-4DC5-B627-3144AD5BBE18}.Debug|Any CPU.Build.0 = Debug|Any CPU
		{7B86A44D-5CA8-4DC5-B627-3144AD5BBE18}.Release|Any CPU.ActiveCfg = Release|Any CPU
		{7B86A44D-5CA8-4DC5-B627-3144AD5BBE18}.Release|Any CPU.Build.0 = Release|Any CPU
	EndGlobalSection
	GlobalSection(SolutionProperties) = preSolution
		HideSolutionNode = FALSE
	EndGlobalSection
	GlobalSection(ExtensibilityGlobals) = postSolution
		SolutionGuid = {327A1D45-E494-49AE-9359-6AAD8FBFD360}
	EndGlobalSection
EndGlobal
